
Microsoft Visual Studio Solution File, Format Version 12.00
Project("{FAE04EC0-301F-11D3-BF4B-00C04F79EFBC}") = "TextRpgMaker", "TextRpgMaker\TextRpgMaker.csproj", "{5B111BB3-5AA4-4EF1-8A68-0A5DA6B39936}"
EndProject
Global
	GlobalSection(SolutionConfigurationPlatforms) = preSolution
		Debug|Any CPU = Debug|Any CPU
		Release|Any CPU = Release|Any CPU
	EndGlobalSection
	GlobalSection(ProjectConfigurationPlatforms) = postSolution
		{5B111BB3-5AA4-4EF1-8A68-0A5DA6B39936}.Debug|Any CPU.ActiveCfg = Debug|Any CPU
		{5B111BB3-5AA4-4EF1-8A68-0A5DA6B39936}.Debug|Any CPU.Build.0 = Debug|Any CPU
		{5B111BB3-5AA4-4EF1-8A68-0A5DA6B39936}.Release|Any CPU.ActiveCfg = Release|Any CPU
		{5B111BB3-5AA4-4EF1-8A68-0A5DA6B39936}.Release|Any CPU.Build.0 = Release|Any CPU
	EndGlobalSection
EndGlobal
